
Microsoft Visual Studio Solution File, Format Version 12.00
# Visual Studio 15
VisualStudioVersion = 15.0.28010.2046
MinimumVisualStudioVersion = 10.0.40219.1
Project("{FAE04EC0-301F-11D3-BF4B-00C04F79EFBC}") = "MySTUDIO", "WpfApp8\MySTUDIO.csproj", "{12FDFF96-22C5-41D8-84D7-C2A5426344A6}"
EndProject
Global
	GlobalSection(SolutionConfigurationPlatforms) = preSolution
		Debug|Any CPU = Debug|Any CPU
		Release|Any CPU = Release|Any CPU
	EndGlobalSection
	GlobalSection(ProjectConfigurationPlatforms) = postSolution
		{12FDFF96-22C5-41D8-84D7-C2A5426344A6}.Debug|Any CPU.ActiveCfg = Debug|Any CPU
		{12FDFF96-22C5-41D8-84D7-C2A5426344A6}.Debug|Any CPU.Build.0 = Debug|Any CPU
		{12FDFF96-22C5-41D8-84D7-C2A5426344A6}.Release|Any CPU.ActiveCfg = Release|Any CPU
		{12FDFF96-22C5-41D8-84D7-C2A5426344A6}.Release|Any CPU.Build.0 = Release|Any CPU
	EndGlobalSection
	GlobalSection(SolutionProperties) = preSolution
		HideSolutionNode = FALSE
	EndGlobalSection
	GlobalSection(ExtensibilityGlobals) = postSolution
		SolutionGuid = {738AAC9C-94CB-45C7-8B2C-974A37D017DA}
	EndGlobalSection
EndGlobal
